
Microsoft Visual Studio Solution File, Format Version 12.00
# Visual Studio Version 16
VisualStudioVersion = 16.0.31729.503
MinimumVisualStudioVersion = 10.0.40219.1
Project("{9A19103F-16F7-4668-BE54-9A1E7A4F7556}") = "SteamAchievementsRetrieving", "SteamAchievementsRetrieving\SteamAchievementsRetrieving.csproj", "{D7E390B7-2ED4-4811-A69A-6E1CEEDEB7A0}"
EndProject
Project("{FAE04EC0-301F-11D3-BF4B-00C04F79EFBC}") = "SteamAchievementsRetrievingTests", "SteamAchievementsRetrievingTests\SteamAchievementsRetrievingTests.csproj", "{9302734D-CC71-4B50-B234-5F3CFE6B458E}"
EndProject
Global
	GlobalSection(SolutionConfigurationPlatforms) = preSolution
		Debug|Any CPU = Debug|Any CPU
		Release|Any CPU = Release|Any CPU
	EndGlobalSection
	GlobalSection(ProjectConfigurationPlatforms) = postSolution
		{D7E390B7-2ED4-4811-A69A-6E1CEEDEB7A0}.Debug|Any CPU.ActiveCfg = Debug|Any CPU
		{D7E390B7-2ED4-4811-A69A-6E1CEEDEB7A0}.Debug|Any CPU.Build.0 = Debug|Any CPU
		{D7E390B7-2ED4-4811-A69A-6E1CEEDEB7A0}.Release|Any CPU.ActiveCfg = Release|Any CPU
		{D7E390B7-2ED4-4811-A69A-6E1CEEDEB7A0}.Release|Any CPU.Build.0 = Release|Any CPU
		{9302734D-CC71-4B50-B234-5F3CFE6B458E}.Debug|Any CPU.ActiveCfg = Debug|Any CPU
		{9302734D-CC71-4B50-B234-5F3CFE6B458E}.Debug|Any CPU.Build.0 = Debug|Any CPU
		{9302734D-CC71-4B50-B234-5F3CFE6B458E}.Release|Any CPU.ActiveCfg = Release|Any CPU
		{9302734D-CC71-4B50-B234-5F3CFE6B458E}.Release|Any CPU.Build.0 = Release|Any CPU
	EndGlobalSection
	GlobalSection(SolutionProperties) = preSolution
		HideSolutionNode = FALSE
	EndGlobalSection
	GlobalSection(ExtensibilityGlobals) = postSolution
		SolutionGuid = {90338D56-ACC9-4DB3-8431-3FF1FE1AF0A4}
	EndGlobalSection
EndGlobal
